
Microsoft Visual Studio Solution File, Format Version 12.00
# Visual Studio Version 16
VisualStudioVersion = 16.0.30621.155
MinimumVisualStudioVersion = 10.0.40219.1
Project("{FAE04EC0-301F-11D3-BF4B-00C04F79EFBC}") = "HILLS2", "HILLS2.csproj", "{E4E302FF-3C5B-4C44-B384-1A1A04772EF1}"
EndProject
Global
	GlobalSection(SolutionConfigurationPlatforms) = preSolution
		Debug|Any CPU = Debug|Any CPU
		Release|Any CPU = Release|Any CPU
	EndGlobalSection
	GlobalSection(ProjectConfigurationPlatforms) = postSolution
		{E4E302FF-3C5B-4C44-B384-1A1A04772EF1}.Debug|Any CPU.ActiveCfg = Debug|Any CPU
		{E4E302FF-3C5B-4C44-B384-1A1A04772EF1}.Debug|Any CPU.Build.0 = Debug|Any CPU
		{E4E302FF-3C5B-4C44-B384-1A1A04772EF1}.Release|Any CPU.ActiveCfg = Release|Any CPU
		{E4E302FF-3C5B-4C44-B384-1A1A04772EF1}.Release|Any CPU.Build.0 = Release|Any CPU
	EndGlobalSection
	GlobalSection(SolutionProperties) = preSolution
		HideSolutionNode = FALSE
	EndGlobalSection
	GlobalSection(ExtensibilityGlobals) = postSolution
		SolutionGuid = {BF95FB80-58B7-4303-AE02-D5D3EB057AEE}
	EndGlobalSection
EndGlobal
